
Microsoft Visual Studio Solution File, Format Version 12.00
# Visual Studio 15
VisualStudioVersion = 15.0.27428.2037
MinimumVisualStudioVersion = 10.0.40219.1
Project("{9A19103F-16F7-4668-BE54-9A1E7A4F7556}") = "List", "List\List.csproj", "{F9E69759-9DB3-4922-B135-B6B34729558A}"
EndProject
Project("{FAE04EC0-301F-11D3-BF4B-00C04F79EFBC}") = "List2", "List2\List2.csproj", "{FA661763-1363-4BD4-8CEC-2A4FAA1E247F}"
EndProject
Global
	GlobalSection(SolutionConfigurationPlatforms) = preSolution
		Debug|Any CPU = Debug|Any CPU
		Release|Any CPU = Release|Any CPU
	EndGlobalSection
	GlobalSection(ProjectConfigurationPlatforms) = postSolution
		{F9E69759-9DB3-4922-B135-B6B34729558A}.Debug|Any CPU.ActiveCfg = Debug|Any CPU
		{F9E69759-9DB3-4922-B135-B6B34729558A}.Debug|Any CPU.Build.0 = Debug|Any CPU
		{F9E69759-9DB3-4922-B135-B6B34729558A}.Release|Any CPU.ActiveCfg = Release|Any CPU
		{F9E69759-9DB3-4922-B135-B6B34729558A}.Release|Any CPU.Build.0 = Release|Any CPU
		{FA661763-1363-4BD4-8CEC-2A4FAA1E247F}.Debug|Any CPU.ActiveCfg = Debug|Any CPU
		{FA661763-1363-4BD4-8CEC-2A4FAA1E247F}.Debug|Any CPU.Build.0 = Debug|Any CPU
		{FA661763-1363-4BD4-8CEC-2A4FAA1E247F}.Release|Any CPU.ActiveCfg = Release|Any CPU
		{FA661763-1363-4BD4-8CEC-2A4FAA1E247F}.Release|Any CPU.Build.0 = Release|Any CPU
	EndGlobalSection
	GlobalSection(SolutionProperties) = preSolution
		HideSolutionNode = FALSE
	EndGlobalSection
	GlobalSection(ExtensibilityGlobals) = postSolution
		SolutionGuid = {BF0D143F-8835-42B2-8B83-1408974FDD06}
	EndGlobalSection
EndGlobal
